{
  "pins" : [
    {
      "identity" : "cryptoswift",
      "kind" : "remoteSourceControl",
      "location" : "https://github.com/krzyzanowskim/CryptoSwift",
      "state" : {
        "revision" : "039f56c5d7960f277087a0be51f5eb04ed0ec073",
        "version" : "1.5.1"
      }
    },
    {
      "identity" : "ios-utils",
      "kind" : "remoteSourceControl",
      "location" : "https://github.com/surfstudio/iOS-Utils",
      "state" : {
        "revision" : "3d679adef6c6837f7f740506631c5eda2d13810a",
        "version" : "13.2.0"
      }
    }
  ],
  "version" : 2
}
