// !$*UTF8*$!
{
	archiveVersion = 1;
	classes = {
	};
	objectVersion = 56;
	objects = {

/* Begin PBXBuildFile section */
		B2027FEA2A0A4DF90036D9A0 /* ThirdPartyAuthService.swift in Sources */ = {isa = PBXBuildFile; fileRef = B2027FE92A0A4DF80036D9A0 /* ThirdPartyAuthService.swift */; };
		B2027FEE2A0A4F4C0036D9A0 /* ThirdPartyAuthServiceInterface.swift in Sources */ = {isa = PBXBuildFile; fileRef = B2027FED2A0A4F4C0036D9A0 /* ThirdPartyAuthServiceInterface.swift */; };
		B2027FF02A0A512F0036D9A0 /* ThirdPartyAuthServiceConfiguration.swift in Sources */ = {isa = PBXBuildFile; fileRef = B2027FEF2A0A512F0036D9A0 /* ThirdPartyAuthServiceConfiguration.swift */; };
		B215B14529FFA92200F59065 /* GoogleAuthProvider.swift in Sources */ = {isa = PBXBuildFile; fileRef = B215B14429FFA92200F59065 /* GoogleAuthProvider.swift */; };
		B215B14D29FFC9D800F59065 /* GoogleAuthUserModel.swift in Sources */ = {isa = PBXBuildFile; fileRef = B215B14C29FFC9D800F59065 /* GoogleAuthUserModel.swift */; };
		B215B15029FFD52400F59065 /* UIApplication.swift in Sources */ = {isa = PBXBuildFile; fileRef = B215B14F29FFD52400F59065 /* UIApplication.swift */; };
		B254716429F97D6600E649CF /* UserDataModel.swift in Sources */ = {isa = PBXBuildFile; fileRef = B254716329F97D6600E649CF /* UserDataModel.swift */; };
		B254716629F97F4900E649CF /* AppleAuthUserModel.swift in Sources */ = {isa = PBXBuildFile; fileRef = B254716529F97F4900E649CF /* AppleAuthUserModel.swift */; };
		B254718729F9A9B100E649CF /* ThirdPartyAuthUI.framework in Frameworks */ = {isa = PBXBuildFile; fileRef = B254717F29F9A9B000E649CF /* ThirdPartyAuthUI.framework */; };
		B254718C29F9A9B100E649CF /* ThirdPartyAuthUITests.swift in Sources */ = {isa = PBXBuildFile; fileRef = B254718B29F9A9B100E649CF /* ThirdPartyAuthUITests.swift */; };
		B254719529F9A9D800E649CF /* ThirdPartyAuth.framework in Frameworks */ = {isa = PBXBuildFile; fileRef = B285D5BA29F2CE7D00B86937 /* ThirdPartyAuth.framework */; };
		B254719A29F9AD0C00E649CF /* UIImage.swift in Sources */ = {isa = PBXBuildFile; fileRef = B254717629F99CAF00E649CF /* UIImage.swift */; };
		B254719B29F9AD2300E649CF /* Colors.swift in Sources */ = {isa = PBXBuildFile; fileRef = B285D5F529F2D08600B86937 /* Colors.swift */; };
		B254719C29F9AD3500E649CF /* Assets.swift in Sources */ = {isa = PBXBuildFile; fileRef = B285D5FD29F2D33200B86937 /* Assets.swift */; };
		B254719D29F9AD5500E649CF /* Strings.swift in Sources */ = {isa = PBXBuildFile; fileRef = B2BA853629F3D01D00F4B915 /* Strings.swift */; };
		B254719E29F9AD7400E649CF /* ThirdPartyAuthButtonContainer.swift in Sources */ = {isa = PBXBuildFile; fileRef = B285D5EE29F2D04C00B86937 /* ThirdPartyAuthButtonContainer.swift */; };
		B254719F29F9AD7B00E649CF /* ThirdPartyAuthButtonContainerModel.swift in Sources */ = {isa = PBXBuildFile; fileRef = B285D5F029F2D05800B86937 /* ThirdPartyAuthButtonContainerModel.swift */; };
		B25471A029F9AD9600E649CF /* ThirdPartyAuthTitleView.swift in Sources */ = {isa = PBXBuildFile; fileRef = B2BA853A29F3D91700F4B915 /* ThirdPartyAuthTitleView.swift */; };
		B25471A129F9AD9C00E649CF /* ThirdPartyAuthTitleViewModel.swift in Sources */ = {isa = PBXBuildFile; fileRef = B254717829F99FFA00E649CF /* ThirdPartyAuthTitleViewModel.swift */; };
		B25471A229F9ADA200E649CF /* ThirdPartyAuthButton.swift in Sources */ = {isa = PBXBuildFile; fileRef = B285D5EC29F2D04000B86937 /* ThirdPartyAuthButton.swift */; };
		B25471A329F9ADCF00E649CF /* UIStackView.swift in Sources */ = {isa = PBXBuildFile; fileRef = B285D5DD29F2CFCB00B86937 /* UIStackView.swift */; };
		B25471A429F9AE0500E649CF /* Colors.xcassets in Resources */ = {isa = PBXBuildFile; fileRef = B285D5F729F2D08F00B86937 /* Colors.xcassets */; };
		B25471A529F9AE0B00E649CF /* Images.xcassets in Resources */ = {isa = PBXBuildFile; fileRef = B285D5F929F2D09C00B86937 /* Images.xcassets */; };
		B25471A629F9AE1000E649CF /* Localizable.strings in Resources */ = {isa = PBXBuildFile; fileRef = B2BA853429F3CDA100F4B915 /* Localizable.strings */; };
		B285D5C329F2CE7E00B86937 /* ThirdPartyAuth.framework in Frameworks */ = {isa = PBXBuildFile; fileRef = B285D5BA29F2CE7D00B86937 /* ThirdPartyAuth.framework */; };
		B285D5C829F2CE7E00B86937 /* ThirdPartyAuthTests.swift in Sources */ = {isa = PBXBuildFile; fileRef = B285D5C729F2CE7E00B86937 /* ThirdPartyAuthTests.swift */; };
		B285D5D629F2CF8400B86937 /* AppleAuthProvider.swift in Sources */ = {isa = PBXBuildFile; fileRef = B285D5D529F2CF8400B86937 /* AppleAuthProvider.swift */; };
		B285D5E129F2CFEA00B86937 /* ThirdPartyAuthType.swift in Sources */ = {isa = PBXBuildFile; fileRef = B285D5E029F2CFEA00B86937 /* ThirdPartyAuthType.swift */; };
		B285D5E329F2CFF300B86937 /* ThirdPartyAuthUserModel.swift in Sources */ = {isa = PBXBuildFile; fileRef = B285D5E229F2CFF300B86937 /* ThirdPartyAuthUserModel.swift */; };
		B285D5E929F2D02600B86937 /* BaseAuthProvider.swift in Sources */ = {isa = PBXBuildFile; fileRef = B285D5E829F2D02600B86937 /* BaseAuthProvider.swift */; };
		B2C83D6829FD900900301FE9 /* GoogleSignIn in Frameworks */ = {isa = PBXBuildFile; productRef = B2C83D6729FD900900301FE9 /* GoogleSignIn */; };
		B2CE71C12A10C509006C42AB /* VKAuthProvider.swift in Sources */ = {isa = PBXBuildFile; fileRef = B2CE71C02A10C509006C42AB /* VKAuthProvider.swift */; };
		B2CE71C32A10C5C6006C42AB /* VKAuthConfiguration.swift in Sources */ = {isa = PBXBuildFile; fileRef = B2CE71C22A10C5C6006C42AB /* VKAuthConfiguration.swift */; };
		B2CE71C52A10E704006C42AB /* VKAuthUserModel.swift in Sources */ = {isa = PBXBuildFile; fileRef = B2CE71C42A10E704006C42AB /* VKAuthUserModel.swift */; };
		B2DB4EAA2A0E1B8500246CE8 /* VK in Frameworks */ = {isa = PBXBuildFile; productRef = B2DB4EA92A0E1B8500246CE8 /* VK */; };
/* End PBXBuildFile section */

/* Begin PBXContainerItemProxy section */
		B254718829F9A9B100E649CF /* PBXContainerItemProxy */ = {
			isa = PBXContainerItemProxy;
			containerPortal = B285D5B129F2CE7D00B86937 /* Project object */;
			proxyType = 1;
			remoteGlobalIDString = B254717E29F9A9B000E649CF;
			remoteInfo = ThirdPartyAuthUI;
		};
		B254719729F9A9D900E649CF /* PBXContainerItemProxy */ = {
			isa = PBXContainerItemProxy;
			containerPortal = B285D5B129F2CE7D00B86937 /* Project object */;
			proxyType = 1;
			remoteGlobalIDString = B285D5B929F2CE7D00B86937;
			remoteInfo = ThirdPartyAuth;
		};
		B285D5C429F2CE7E00B86937 /* PBXContainerItemProxy */ = {
			isa = PBXContainerItemProxy;
			containerPortal = B285D5B129F2CE7D00B86937 /* Project object */;
			proxyType = 1;
			remoteGlobalIDString = B285D5B929F2CE7D00B86937;
			remoteInfo = ThirdPartyAuth;
		};
/* End PBXContainerItemProxy section */

/* Begin PBXFileReference section */
		B2027FE92A0A4DF80036D9A0 /* ThirdPartyAuthService.swift */ = {isa = PBXFileReference; lastKnownFileType = sourcecode.swift; path = ThirdPartyAuthService.swift; sourceTree = "<group>"; };
		B2027FED2A0A4F4C0036D9A0 /* ThirdPartyAuthServiceInterface.swift */ = {isa = PBXFileReference; lastKnownFileType = sourcecode.swift; path = ThirdPartyAuthServiceInterface.swift; sourceTree = "<group>"; };
		B2027FEF2A0A512F0036D9A0 /* ThirdPartyAuthServiceConfiguration.swift */ = {isa = PBXFileReference; lastKnownFileType = sourcecode.swift; path = ThirdPartyAuthServiceConfiguration.swift; sourceTree = "<group>"; };
		B215B14429FFA92200F59065 /* GoogleAuthProvider.swift */ = {isa = PBXFileReference; lastKnownFileType = sourcecode.swift; path = GoogleAuthProvider.swift; sourceTree = "<group>"; };
		B215B14C29FFC9D800F59065 /* GoogleAuthUserModel.swift */ = {isa = PBXFileReference; lastKnownFileType = sourcecode.swift; path = GoogleAuthUserModel.swift; sourceTree = "<group>"; };
		B215B14F29FFD52400F59065 /* UIApplication.swift */ = {isa = PBXFileReference; lastKnownFileType = sourcecode.swift; path = UIApplication.swift; sourceTree = "<group>"; };
		B254716329F97D6600E649CF /* UserDataModel.swift */ = {isa = PBXFileReference; lastKnownFileType = sourcecode.swift; path = UserDataModel.swift; sourceTree = "<group>"; };
		B254716529F97F4900E649CF /* AppleAuthUserModel.swift */ = {isa = PBXFileReference; lastKnownFileType = sourcecode.swift; path = AppleAuthUserModel.swift; sourceTree = "<group>"; };
		B254717629F99CAF00E649CF /* UIImage.swift */ = {isa = PBXFileReference; lastKnownFileType = sourcecode.swift; path = UIImage.swift; sourceTree = "<group>"; };
		B254717829F99FFA00E649CF /* ThirdPartyAuthTitleViewModel.swift */ = {isa = PBXFileReference; lastKnownFileType = sourcecode.swift; path = ThirdPartyAuthTitleViewModel.swift; sourceTree = "<group>"; };
		B254717F29F9A9B000E649CF /* ThirdPartyAuthUI.framework */ = {isa = PBXFileReference; explicitFileType = wrapper.framework; includeInIndex = 0; path = ThirdPartyAuthUI.framework; sourceTree = BUILT_PRODUCTS_DIR; };
		B254718629F9A9B000E649CF /* ThirdPartyAuthUITests.xctest */ = {isa = PBXFileReference; explicitFileType = wrapper.cfbundle; includeInIndex = 0; path = ThirdPartyAuthUITests.xctest; sourceTree = BUILT_PRODUCTS_DIR; };
		B254718B29F9A9B100E649CF /* ThirdPartyAuthUITests.swift */ = {isa = PBXFileReference; lastKnownFileType = sourcecode.swift; path = ThirdPartyAuthUITests.swift; sourceTree = "<group>"; };
		B285D5BA29F2CE7D00B86937 /* ThirdPartyAuth.framework */ = {isa = PBXFileReference; explicitFileType = wrapper.framework; includeInIndex = 0; path = ThirdPartyAuth.framework; sourceTree = BUILT_PRODUCTS_DIR; };
		B285D5C229F2CE7E00B86937 /* ThirdPartyAuthTests.xctest */ = {isa = PBXFileReference; explicitFileType = wrapper.cfbundle; includeInIndex = 0; path = ThirdPartyAuthTests.xctest; sourceTree = BUILT_PRODUCTS_DIR; };
		B285D5C729F2CE7E00B86937 /* ThirdPartyAuthTests.swift */ = {isa = PBXFileReference; lastKnownFileType = sourcecode.swift; path = ThirdPartyAuthTests.swift; sourceTree = "<group>"; };
		B285D5D529F2CF8400B86937 /* AppleAuthProvider.swift */ = {isa = PBXFileReference; lastKnownFileType = sourcecode.swift; path = AppleAuthProvider.swift; sourceTree = "<group>"; };
		B285D5DD29F2CFCB00B86937 /* UIStackView.swift */ = {isa = PBXFileReference; lastKnownFileType = sourcecode.swift; path = UIStackView.swift; sourceTree = "<group>"; };
		B285D5E029F2CFEA00B86937 /* ThirdPartyAuthType.swift */ = {isa = PBXFileReference; lastKnownFileType = sourcecode.swift; path = ThirdPartyAuthType.swift; sourceTree = "<group>"; };
		B285D5E229F2CFF300B86937 /* ThirdPartyAuthUserModel.swift */ = {isa = PBXFileReference; lastKnownFileType = sourcecode.swift; path = ThirdPartyAuthUserModel.swift; sourceTree = "<group>"; };
		B285D5E829F2D02600B86937 /* BaseAuthProvider.swift */ = {isa = PBXFileReference; lastKnownFileType = sourcecode.swift; path = BaseAuthProvider.swift; sourceTree = "<group>"; };
		B285D5EC29F2D04000B86937 /* ThirdPartyAuthButton.swift */ = {isa = PBXFileReference; lastKnownFileType = sourcecode.swift; path = ThirdPartyAuthButton.swift; sourceTree = "<group>"; };
		B285D5EE29F2D04C00B86937 /* ThirdPartyAuthButtonContainer.swift */ = {isa = PBXFileReference; lastKnownFileType = sourcecode.swift; path = ThirdPartyAuthButtonContainer.swift; sourceTree = "<group>"; };
		B285D5F029F2D05800B86937 /* ThirdPartyAuthButtonContainerModel.swift */ = {isa = PBXFileReference; lastKnownFileType = sourcecode.swift; path = ThirdPartyAuthButtonContainerModel.swift; sourceTree = "<group>"; };
		B285D5F529F2D08600B86937 /* Colors.swift */ = {isa = PBXFileReference; lastKnownFileType = sourcecode.swift; path = Colors.swift; sourceTree = "<group>"; };
		B285D5F729F2D08F00B86937 /* Colors.xcassets */ = {isa = PBXFileReference; lastKnownFileType = folder.assetcatalog; path = Colors.xcassets; sourceTree = "<group>"; };
		B285D5F929F2D09C00B86937 /* Images.xcassets */ = {isa = PBXFileReference; lastKnownFileType = folder.assetcatalog; path = Images.xcassets; sourceTree = "<group>"; };
		B285D5FD29F2D33200B86937 /* Assets.swift */ = {isa = PBXFileReference; fileEncoding = 4; lastKnownFileType = sourcecode.swift; path = Assets.swift; sourceTree = "<group>"; };
		B2BA853329F3CDA100F4B915 /* en */ = {isa = PBXFileReference; lastKnownFileType = text.plist.strings; name = en; path = en.lproj/Localizable.strings; sourceTree = "<group>"; };
		B2BA853529F3CDBA00F4B915 /* ru */ = {isa = PBXFileReference; lastKnownFileType = text.plist.strings; name = ru; path = ru.lproj/Localizable.strings; sourceTree = "<group>"; };
		B2BA853629F3D01D00F4B915 /* Strings.swift */ = {isa = PBXFileReference; fileEncoding = 4; lastKnownFileType = sourcecode.swift; path = Strings.swift; sourceTree = "<group>"; };
		B2BA853A29F3D91700F4B915 /* ThirdPartyAuthTitleView.swift */ = {isa = PBXFileReference; lastKnownFileType = sourcecode.swift; path = ThirdPartyAuthTitleView.swift; sourceTree = "<group>"; };
		B2CE71C02A10C509006C42AB /* VKAuthProvider.swift */ = {isa = PBXFileReference; lastKnownFileType = sourcecode.swift; path = VKAuthProvider.swift; sourceTree = "<group>"; };
		B2CE71C22A10C5C6006C42AB /* VKAuthConfiguration.swift */ = {isa = PBXFileReference; lastKnownFileType = sourcecode.swift; path = VKAuthConfiguration.swift; sourceTree = "<group>"; };
		B2CE71C42A10E704006C42AB /* VKAuthUserModel.swift */ = {isa = PBXFileReference; lastKnownFileType = sourcecode.swift; path = VKAuthUserModel.swift; sourceTree = "<group>"; };
/* End PBXFileReference section */

/* Begin PBXFrameworksBuildPhase section */
		B254717C29F9A9B000E649CF /* Frameworks */ = {
			isa = PBXFrameworksBuildPhase;
			buildActionMask = 2147483647;
			files = (
				B254719529F9A9D800E649CF /* ThirdPartyAuth.framework in Frameworks */,
			);
			runOnlyForDeploymentPostprocessing = 0;
		};
		B254718329F9A9B000E649CF /* Frameworks */ = {
			isa = PBXFrameworksBuildPhase;
			buildActionMask = 2147483647;
			files = (
				B254718729F9A9B100E649CF /* ThirdPartyAuthUI.framework in Frameworks */,
			);
			runOnlyForDeploymentPostprocessing = 0;
		};
		B285D5B729F2CE7D00B86937 /* Frameworks */ = {
			isa = PBXFrameworksBuildPhase;
			buildActionMask = 2147483647;
			files = (
				B2C83D6829FD900900301FE9 /* GoogleSignIn in Frameworks */,
				B2DB4EAA2A0E1B8500246CE8 /* VK in Frameworks */,
			);
			runOnlyForDeploymentPostprocessing = 0;
		};
		B285D5BF29F2CE7E00B86937 /* Frameworks */ = {
			isa = PBXFrameworksBuildPhase;
			buildActionMask = 2147483647;
			files = (
				B285D5C329F2CE7E00B86937 /* ThirdPartyAuth.framework in Frameworks */,
			);
			runOnlyForDeploymentPostprocessing = 0;
		};
/* End PBXFrameworksBuildPhase section */

/* Begin PBXGroup section */
		B2027FEB2A0A4F200036D9A0 /* Services */ = {
			isa = PBXGroup;
			children = (
				B2027FEC2A0A4F2C0036D9A0 /* Auth */,
			);
			path = Services;
			sourceTree = "<group>";
		};
		B2027FEC2A0A4F2C0036D9A0 /* Auth */ = {
			isa = PBXGroup;
			children = (
				B2027FE92A0A4DF80036D9A0 /* ThirdPartyAuthService.swift */,
				B2027FED2A0A4F4C0036D9A0 /* ThirdPartyAuthServiceInterface.swift */,
			);
			path = Auth;
			sourceTree = "<group>";
		};
		B215B14E29FFD51900F59065 /* Extensions */ = {
			isa = PBXGroup;
			children = (
				B215B14F29FFD52400F59065 /* UIApplication.swift */,
			);
			path = Extensions;
			sourceTree = "<group>";
		};
		B254716729F996B200E649CF /* Sources */ = {
			isa = PBXGroup;
			children = (
				B254716929F996E300E649CF /* ThirdPartyAuth */,
				B254717329F99A8500E649CF /* ThirdPartyAuthUI */,
			);
			path = Sources;
			sourceTree = "<group>";
		};
		B254716829F996D100E649CF /* Tests */ = {
			isa = PBXGroup;
			children = (
				B285D5C629F2CE7E00B86937 /* ThirdPartyAuthTests */,
				B254718A29F9A9B100E649CF /* ThirdPartyAuthUITests */,
			);
			path = Tests;
			sourceTree = "<group>";
		};
		B254716929F996E300E649CF /* ThirdPartyAuth */ = {
			isa = PBXGroup;
			children = (
				B254716A29F9974300E649CF /* Flows */,
				B254716F29F9981C00E649CF /* Library */,
				B2027FEB2A0A4F200036D9A0 /* Services */,
			);
			path = ThirdPartyAuth;
			sourceTree = "<group>";
		};
		B254716A29F9974300E649CF /* Flows */ = {
			isa = PBXGroup;
			children = (
				B254716B29F9979000E649CF /* Apple */,
				B2C83D6529FD8F5C00301FE9 /* Google */,
				B2CE71BF2A10C4F3006C42AB /* VK */,
			);
			path = Flows;
			sourceTree = "<group>";
		};
		B254716B29F9979000E649CF /* Apple */ = {
			isa = PBXGroup;
			children = (
				B285D5D529F2CF8400B86937 /* AppleAuthProvider.swift */,
				B254716529F97F4900E649CF /* AppleAuthUserModel.swift */,
			);
			path = Apple;
			sourceTree = "<group>";
		};
		B254716F29F9981C00E649CF /* Library */ = {
			isa = PBXGroup;
			children = (
				B215B14E29FFD51900F59065 /* Extensions */,
				B254717129F9984800E649CF /* Models */,
				B254717229F9987C00E649CF /* Protocols */,
			);
			path = Library;
			sourceTree = "<group>";
		};
		B254717129F9984800E649CF /* Models */ = {
			isa = PBXGroup;
			children = (
				B2027FEF2A0A512F0036D9A0 /* ThirdPartyAuthServiceConfiguration.swift */,
				B285D5E029F2CFEA00B86937 /* ThirdPartyAuthType.swift */,
				B285D5E229F2CFF300B86937 /* ThirdPartyAuthUserModel.swift */,
			);
			path = Models;
			sourceTree = "<group>";
		};
		B254717229F9987C00E649CF /* Protocols */ = {
			isa = PBXGroup;
			children = (
				B285D5E829F2D02600B86937 /* BaseAuthProvider.swift */,
				B254716329F97D6600E649CF /* UserDataModel.swift */,
			);
			path = Protocols;
			sourceTree = "<group>";
		};
		B254717329F99A8500E649CF /* ThirdPartyAuthUI */ = {
			isa = PBXGroup;
			children = (
				B254717529F99CA100E649CF /* Extensions */,
				B285D5F229F2D06500B86937 /* Resources */,
				B254717429F99AC800E649CF /* Views */,
			);
			path = ThirdPartyAuthUI;
			sourceTree = "<group>";
		};
		B254717429F99AC800E649CF /* Views */ = {
			isa = PBXGroup;
			children = (
				B285D5E729F2D01100B86937 /* ButtonContainer */,
				B2BA853929F3D84300F4B915 /* TitleView */,
				B285D5EC29F2D04000B86937 /* ThirdPartyAuthButton.swift */,
			);
			path = Views;
			sourceTree = "<group>";
		};
		B254717529F99CA100E649CF /* Extensions */ = {
			isa = PBXGroup;
			children = (
				B254717629F99CAF00E649CF /* UIImage.swift */,
				B285D5DD29F2CFCB00B86937 /* UIStackView.swift */,
			);
			path = Extensions;
			sourceTree = "<group>";
		};
		B254718A29F9A9B100E649CF /* ThirdPartyAuthUITests */ = {
			isa = PBXGroup;
			children = (
				B254718B29F9A9B100E649CF /* ThirdPartyAuthUITests.swift */,
			);
			path = ThirdPartyAuthUITests;
			sourceTree = "<group>";
		};
		B254719429F9A9D800E649CF /* Frameworks */ = {
			isa = PBXGroup;
			children = (
			);
			name = Frameworks;
			sourceTree = "<group>";
		};
		B285D5B029F2CE7D00B86937 = {
			isa = PBXGroup;
			children = (
				B254716729F996B200E649CF /* Sources */,
				B254716829F996D100E649CF /* Tests */,
				B285D5BB29F2CE7D00B86937 /* Products */,
				B254719429F9A9D800E649CF /* Frameworks */,
			);
			sourceTree = "<group>";
		};
		B285D5BB29F2CE7D00B86937 /* Products */ = {
			isa = PBXGroup;
			children = (
				B285D5BA29F2CE7D00B86937 /* ThirdPartyAuth.framework */,
				B285D5C229F2CE7E00B86937 /* ThirdPartyAuthTests.xctest */,
				B254717F29F9A9B000E649CF /* ThirdPartyAuthUI.framework */,
				B254718629F9A9B000E649CF /* ThirdPartyAuthUITests.xctest */,
			);
			name = Products;
			sourceTree = "<group>";
		};
		B285D5C629F2CE7E00B86937 /* ThirdPartyAuthTests */ = {
			isa = PBXGroup;
			children = (
				B285D5C729F2CE7E00B86937 /* ThirdPartyAuthTests.swift */,
			);
			path = ThirdPartyAuthTests;
			sourceTree = "<group>";
		};
		B285D5E729F2D01100B86937 /* ButtonContainer */ = {
			isa = PBXGroup;
			children = (
				B285D5EE29F2D04C00B86937 /* ThirdPartyAuthButtonContainer.swift */,
				B285D5F029F2D05800B86937 /* ThirdPartyAuthButtonContainerModel.swift */,
			);
			path = ButtonContainer;
			sourceTree = "<group>";
		};
		B285D5F229F2D06500B86937 /* Resources */ = {
			isa = PBXGroup;
			children = (
				B285D5F329F2D07400B86937 /* Colors */,
				B285D5F429F2D07900B86937 /* Images */,
				B2BA852F29F3CD6E00F4B915 /* Strings */,
			);
			path = Resources;
			sourceTree = "<group>";
		};
		B285D5F329F2D07400B86937 /* Colors */ = {
			isa = PBXGroup;
			children = (
				B285D5F529F2D08600B86937 /* Colors.swift */,
				B285D5F729F2D08F00B86937 /* Colors.xcassets */,
			);
			path = Colors;
			sourceTree = "<group>";
		};
		B285D5F429F2D07900B86937 /* Images */ = {
			isa = PBXGroup;
			children = (
				B285D5FD29F2D33200B86937 /* Assets.swift */,
				B285D5F929F2D09C00B86937 /* Images.xcassets */,
			);
			path = Images;
			sourceTree = "<group>";
		};
		B2BA852F29F3CD6E00F4B915 /* Strings */ = {
			isa = PBXGroup;
			children = (
				B2BA853429F3CDA100F4B915 /* Localizable.strings */,
				B2BA853629F3D01D00F4B915 /* Strings.swift */,
			);
			path = Strings;
			sourceTree = "<group>";
		};
		B2BA853929F3D84300F4B915 /* TitleView */ = {
			isa = PBXGroup;
			children = (
				B2BA853A29F3D91700F4B915 /* ThirdPartyAuthTitleView.swift */,
				B254717829F99FFA00E649CF /* ThirdPartyAuthTitleViewModel.swift */,
			);
			path = TitleView;
			sourceTree = "<group>";
		};
		B2C83D6529FD8F5C00301FE9 /* Google */ = {
			isa = PBXGroup;
			children = (
				B215B14429FFA92200F59065 /* GoogleAuthProvider.swift */,
				B215B14C29FFC9D800F59065 /* GoogleAuthUserModel.swift */,
			);
			path = Google;
			sourceTree = "<group>";
		};
		B2CE71BF2A10C4F3006C42AB /* VK */ = {
			isa = PBXGroup;
			children = (
				B2CE71C22A10C5C6006C42AB /* VKAuthConfiguration.swift */,
				B2CE71C02A10C509006C42AB /* VKAuthProvider.swift */,
				B2CE71C42A10E704006C42AB /* VKAuthUserModel.swift */,
			);
			path = VK;
			sourceTree = "<group>";
		};
/* End PBXGroup section */

/* Begin PBXHeadersBuildPhase section */
		B254717A29F9A9B000E649CF /* Headers */ = {
			isa = PBXHeadersBuildPhase;
			buildActionMask = 2147483647;
			files = (
			);
			runOnlyForDeploymentPostprocessing = 0;
		};
		B285D5B529F2CE7D00B86937 /* Headers */ = {
			isa = PBXHeadersBuildPhase;
			buildActionMask = 2147483647;
			files = (
			);
			runOnlyForDeploymentPostprocessing = 0;
		};
/* End PBXHeadersBuildPhase section */

/* Begin PBXNativeTarget section */
		B254717E29F9A9B000E649CF /* ThirdPartyAuthUI */ = {
			isa = PBXNativeTarget;
			buildConfigurationList = B254718E29F9A9B100E649CF /* Build configuration list for PBXNativeTarget "ThirdPartyAuthUI" */;
			buildPhases = (
				B254717A29F9A9B000E649CF /* Headers */,
				B25471A729F9AE8100E649CF /* SwiftGen */,
				B254717B29F9A9B000E649CF /* Sources */,
				B254717C29F9A9B000E649CF /* Frameworks */,
				B254717D29F9A9B000E649CF /* Resources */,
			);
			buildRules = (
			);
			dependencies = (
				B254719829F9A9D900E649CF /* PBXTargetDependency */,
			);
			name = ThirdPartyAuthUI;
			productName = ThirdPartyAuthUI;
			productReference = B254717F29F9A9B000E649CF /* ThirdPartyAuthUI.framework */;
			productType = "com.apple.product-type.framework";
		};
		B254718529F9A9B000E649CF /* ThirdPartyAuthUITests */ = {
			isa = PBXNativeTarget;
			buildConfigurationList = B254719129F9A9B100E649CF /* Build configuration list for PBXNativeTarget "ThirdPartyAuthUITests" */;
			buildPhases = (
				B254718229F9A9B000E649CF /* Sources */,
				B254718329F9A9B000E649CF /* Frameworks */,
				B254718429F9A9B000E649CF /* Resources */,
			);
			buildRules = (
			);
			dependencies = (
				B254718929F9A9B100E649CF /* PBXTargetDependency */,
			);
			name = ThirdPartyAuthUITests;
			productName = ThirdPartyAuthUITests;
			productReference = B254718629F9A9B000E649CF /* ThirdPartyAuthUITests.xctest */;
			productType = "com.apple.product-type.bundle.unit-test";
		};
		B285D5B929F2CE7D00B86937 /* ThirdPartyAuth */ = {
			isa = PBXNativeTarget;
			buildConfigurationList = B285D5CC29F2CE7E00B86937 /* Build configuration list for PBXNativeTarget "ThirdPartyAuth" */;
			buildPhases = (
				B285D5B529F2CE7D00B86937 /* Headers */,
				B285D5B629F2CE7D00B86937 /* Sources */,
				B285D5B729F2CE7D00B86937 /* Frameworks */,
				B285D5B829F2CE7D00B86937 /* Resources */,
				B285D5FB29F2D22500B86937 /* SwiftLint */,
			);
			buildRules = (
			);
			dependencies = (
			);
			name = ThirdPartyAuth;
			packageProductDependencies = (
				B2C83D6729FD900900301FE9 /* GoogleSignIn */,
				B2DB4EA92A0E1B8500246CE8 /* VK */,
			);
			productName = ThirdPartyAuth;
			productReference = B285D5BA29F2CE7D00B86937 /* ThirdPartyAuth.framework */;
			productType = "com.apple.product-type.framework";
		};
		B285D5C129F2CE7E00B86937 /* ThirdPartyAuthTests */ = {
			isa = PBXNativeTarget;
			buildConfigurationList = B285D5CF29F2CE7E00B86937 /* Build configuration list for PBXNativeTarget "ThirdPartyAuthTests" */;
			buildPhases = (
				B285D5BE29F2CE7E00B86937 /* Sources */,
				B285D5BF29F2CE7E00B86937 /* Frameworks */,
				B285D5C029F2CE7E00B86937 /* Resources */,
			);
			buildRules = (
			);
			dependencies = (
				B285D5C529F2CE7E00B86937 /* PBXTargetDependency */,
			);
			name = ThirdPartyAuthTests;
			productName = ThirdPartyAuthTests;
			productReference = B285D5C229F2CE7E00B86937 /* ThirdPartyAuthTests.xctest */;
			productType = "com.apple.product-type.bundle.unit-test";
		};
/* End PBXNativeTarget section */

/* Begin PBXProject section */
		B285D5B129F2CE7D00B86937 /* Project object */ = {
			isa = PBXProject;
			attributes = {
				BuildIndependentTargetsInParallel = 1;
				LastSwiftUpdateCheck = 1420;
				LastUpgradeCheck = 1420;
				TargetAttributes = {
					B254717E29F9A9B000E649CF = {
						CreatedOnToolsVersion = 14.2;
					};
					B254718529F9A9B000E649CF = {
						CreatedOnToolsVersion = 14.2;
					};
					B285D5B929F2CE7D00B86937 = {
						CreatedOnToolsVersion = 14.2;
						LastSwiftMigration = 1420;
					};
					B285D5C129F2CE7E00B86937 = {
						CreatedOnToolsVersion = 14.2;
					};
				};
			};
			buildConfigurationList = B285D5B429F2CE7D00B86937 /* Build configuration list for PBXProject "ThirdPartyAuth" */;
			compatibilityVersion = "Xcode 14.0";
			developmentRegion = en;
			hasScannedForEncodings = 0;
			knownRegions = (
				en,
				Base,
				ru,
			);
			mainGroup = B285D5B029F2CE7D00B86937;
			packageReferences = (
				B2C83D6629FD900900301FE9 /* XCRemoteSwiftPackageReference "GoogleSignIn-iOS" */,
				B2DB4EA82A0E1B8500246CE8 /* XCRemoteSwiftPackageReference "VKSDK-iOS" */,
			);
			productRefGroup = B285D5BB29F2CE7D00B86937 /* Products */;
			projectDirPath = "";
			projectRoot = "";
			targets = (
				B285D5B929F2CE7D00B86937 /* ThirdPartyAuth */,
				B285D5C129F2CE7E00B86937 /* ThirdPartyAuthTests */,
				B254717E29F9A9B000E649CF /* ThirdPartyAuthUI */,
				B254718529F9A9B000E649CF /* ThirdPartyAuthUITests */,
			);
		};
/* End PBXProject section */

/* Begin PBXResourcesBuildPhase section */
		B254717D29F9A9B000E649CF /* Resources */ = {
			isa = PBXResourcesBuildPhase;
			buildActionMask = 2147483647;
			files = (
				B25471A629F9AE1000E649CF /* Localizable.strings in Resources */,
				B25471A529F9AE0B00E649CF /* Images.xcassets in Resources */,
				B25471A429F9AE0500E649CF /* Colors.xcassets in Resources */,
			);
			runOnlyForDeploymentPostprocessing = 0;
		};
		B254718429F9A9B000E649CF /* Resources */ = {
			isa = PBXResourcesBuildPhase;
			buildActionMask = 2147483647;
			files = (
			);
			runOnlyForDeploymentPostprocessing = 0;
		};
		B285D5B829F2CE7D00B86937 /* Resources */ = {
			isa = PBXResourcesBuildPhase;
			buildActionMask = 2147483647;
			files = (
			);
			runOnlyForDeploymentPostprocessing = 0;
		};
		B285D5C029F2CE7E00B86937 /* Resources */ = {
			isa = PBXResourcesBuildPhase;
			buildActionMask = 2147483647;
			files = (
			);
			runOnlyForDeploymentPostprocessing = 0;
		};
/* End PBXResourcesBuildPhase section */

/* Begin PBXShellScriptBuildPhase section */
		B25471A729F9AE8100E649CF /* SwiftGen */ = {
			isa = PBXShellScriptBuildPhase;
			buildActionMask = 2147483647;
			files = (
			);
			inputFileListPaths = (
			);
			inputPaths = (
			);
			name = SwiftGen;
			outputFileListPaths = (
			);
			outputPaths = (
			);
			runOnlyForDeploymentPostprocessing = 0;
			shellPath = /bin/sh;
			shellScript = "\"${PROJECT_DIR}/BuildTools/swiftgen\" config run --config ${SRCROOT}/.swiftgen.yml\n";
		};
		B285D5FB29F2D22500B86937 /* SwiftLint */ = {
			isa = PBXShellScriptBuildPhase;
			alwaysOutOfDate = 1;
			buildActionMask = 2147483647;
			files = (
			);
			inputFileListPaths = (
			);
			inputPaths = (
			);
			name = SwiftLint;
			outputFileListPaths = (
			);
			outputPaths = (
			);
			runOnlyForDeploymentPostprocessing = 0;
			shellPath = /bin/sh;
			shellScript = "\"${PROJECT_DIR}/BuildTools/swiftlint_0_47_1\" --config ${SRCROOT}/.swiftlint.yml\n";
		};
/* End PBXShellScriptBuildPhase section */

/* Begin PBXSourcesBuildPhase section */
		B254717B29F9A9B000E649CF /* Sources */ = {
			isa = PBXSourcesBuildPhase;
			buildActionMask = 2147483647;
			files = (
				B25471A229F9ADA200E649CF /* ThirdPartyAuthButton.swift in Sources */,
				B25471A129F9AD9C00E649CF /* ThirdPartyAuthTitleViewModel.swift in Sources */,
				B25471A029F9AD9600E649CF /* ThirdPartyAuthTitleView.swift in Sources */,
				B254719F29F9AD7B00E649CF /* ThirdPartyAuthButtonContainerModel.swift in Sources */,
				B254719E29F9AD7400E649CF /* ThirdPartyAuthButtonContainer.swift in Sources */,
				B254719D29F9AD5500E649CF /* Strings.swift in Sources */,
				B254719C29F9AD3500E649CF /* Assets.swift in Sources */,
				B25471A329F9ADCF00E649CF /* UIStackView.swift in Sources */,
				B254719B29F9AD2300E649CF /* Colors.swift in Sources */,
				B254719A29F9AD0C00E649CF /* UIImage.swift in Sources */,
			);
			runOnlyForDeploymentPostprocessing = 0;
		};
		B254718229F9A9B000E649CF /* Sources */ = {
			isa = PBXSourcesBuildPhase;
			buildActionMask = 2147483647;
			files = (
				B254718C29F9A9B100E649CF /* ThirdPartyAuthUITests.swift in Sources */,
			);
			runOnlyForDeploymentPostprocessing = 0;
		};
		B285D5B629F2CE7D00B86937 /* Sources */ = {
			isa = PBXSourcesBuildPhase;
			buildActionMask = 2147483647;
			files = (
				B2CE71C52A10E704006C42AB /* VKAuthUserModel.swift in Sources */,
				B215B15029FFD52400F59065 /* UIApplication.swift in Sources */,
				B2027FEE2A0A4F4C0036D9A0 /* ThirdPartyAuthServiceInterface.swift in Sources */,
				B215B14D29FFC9D800F59065 /* GoogleAuthUserModel.swift in Sources */,
				B285D5E929F2D02600B86937 /* BaseAuthProvider.swift in Sources */,
				B2CE71C12A10C509006C42AB /* VKAuthProvider.swift in Sources */,
				B285D5E329F2CFF300B86937 /* ThirdPartyAuthUserModel.swift in Sources */,
				B285D5E129F2CFEA00B86937 /* ThirdPartyAuthType.swift in Sources */,
				B2CE71C32A10C5C6006C42AB /* VKAuthConfiguration.swift in Sources */,
				B254716429F97D6600E649CF /* UserDataModel.swift in Sources */,
				B215B14529FFA92200F59065 /* GoogleAuthProvider.swift in Sources */,
				B2027FEA2A0A4DF90036D9A0 /* ThirdPartyAuthService.swift in Sources */,
				B285D5D629F2CF8400B86937 /* AppleAuthProvider.swift in Sources */,
				B254716629F97F4900E649CF /* AppleAuthUserModel.swift in Sources */,
				B2027FF02A0A512F0036D9A0 /* ThirdPartyAuthServiceConfiguration.swift in Sources */,
			);
			runOnlyForDeploymentPostprocessing = 0;
		};
		B285D5BE29F2CE7E00B86937 /* Sources */ = {
			isa = PBXSourcesBuildPhase;
			buildActionMask = 2147483647;
			files = (
				B285D5C829F2CE7E00B86937 /* ThirdPartyAuthTests.swift in Sources */,
			);
			runOnlyForDeploymentPostprocessing = 0;
		};
/* End PBXSourcesBuildPhase section */

/* Begin PBXTargetDependency section */
		B254718929F9A9B100E649CF /* PBXTargetDependency */ = {
			isa = PBXTargetDependency;
			target = B254717E29F9A9B000E649CF /* ThirdPartyAuthUI */;
			targetProxy = B254718829F9A9B100E649CF /* PBXContainerItemProxy */;
		};
		B254719829F9A9D900E649CF /* PBXTargetDependency */ = {
			isa = PBXTargetDependency;
			target = B285D5B929F2CE7D00B86937 /* ThirdPartyAuth */;
			targetProxy = B254719729F9A9D900E649CF /* PBXContainerItemProxy */;
		};
		B285D5C529F2CE7E00B86937 /* PBXTargetDependency */ = {
			isa = PBXTargetDependency;
			target = B285D5B929F2CE7D00B86937 /* ThirdPartyAuth */;
			targetProxy = B285D5C429F2CE7E00B86937 /* PBXContainerItemProxy */;
		};
/* End PBXTargetDependency section */

/* Begin PBXVariantGroup section */
		B2BA853429F3CDA100F4B915 /* Localizable.strings */ = {
			isa = PBXVariantGroup;
			children = (
				B2BA853329F3CDA100F4B915 /* en */,
				B2BA853529F3CDBA00F4B915 /* ru */,
			);
			name = Localizable.strings;
			sourceTree = "<group>";
		};
/* End PBXVariantGroup section */

/* Begin XCBuildConfiguration section */
		B254718F29F9A9B100E649CF /* Debug */ = {
			isa = XCBuildConfiguration;
			buildSettings = {
				CODE_SIGN_STYLE = Automatic;
				CURRENT_PROJECT_VERSION = 1;
				DEFINES_MODULE = YES;
				DEVELOPMENT_TEAM = 7C23CBT2F7;
				DYLIB_COMPATIBILITY_VERSION = 1;
				DYLIB_CURRENT_VERSION = 1;
				DYLIB_INSTALL_NAME_BASE = "@rpath";
				GENERATE_INFOPLIST_FILE = YES;
				INFOPLIST_KEY_NSHumanReadableCopyright = "";
				INSTALL_PATH = "$(LOCAL_LIBRARY_DIR)/Frameworks";
				IPHONEOS_DEPLOYMENT_TARGET = 13.0;
				LD_RUNPATH_SEARCH_PATHS = (
					"$(inherited)",
					"@executable_path/Frameworks",
					"@loader_path/Frameworks",
				);
				MARKETING_VERSION = 1.0;
				PRODUCT_BUNDLE_IDENTIFIER = com.admiralbizon.ThirdPartyAuthUI;
				PRODUCT_NAME = "$(TARGET_NAME:c99extidentifier)";
				SDKROOT = iphoneos;
				SKIP_INSTALL = YES;
				SUPPORTED_PLATFORMS = "iphoneos iphonesimulator";
				SUPPORTS_MACCATALYST = NO;
				SUPPORTS_MAC_DESIGNED_FOR_IPHONE_IPAD = NO;
				SWIFT_EMIT_LOC_STRINGS = YES;
				SWIFT_VERSION = 5.0;
				TARGETED_DEVICE_FAMILY = "1,2";
			};
			name = Debug;
		};
		B254719029F9A9B100E649CF /* Release */ = {
			isa = XCBuildConfiguration;
			buildSettings = {
				CODE_SIGN_STYLE = Automatic;
				CURRENT_PROJECT_VERSION = 1;
				DEFINES_MODULE = YES;
				DEVELOPMENT_TEAM = 7C23CBT2F7;
				DYLIB_COMPATIBILITY_VERSION = 1;
				DYLIB_CURRENT_VERSION = 1;
				DYLIB_INSTALL_NAME_BASE = "@rpath";
				GENERATE_INFOPLIST_FILE = YES;
				INFOPLIST_KEY_NSHumanReadableCopyright = "";
				INSTALL_PATH = "$(LOCAL_LIBRARY_DIR)/Frameworks";
				IPHONEOS_DEPLOYMENT_TARGET = 13.0;
				LD_RUNPATH_SEARCH_PATHS = (
					"$(inherited)",
					"@executable_path/Frameworks",
					"@loader_path/Frameworks",
				);
				MARKETING_VERSION = 1.0;
				PRODUCT_BUNDLE_IDENTIFIER = com.admiralbizon.ThirdPartyAuthUI;
				PRODUCT_NAME = "$(TARGET_NAME:c99extidentifier)";
				SDKROOT = iphoneos;
				SKIP_INSTALL = YES;
				SUPPORTED_PLATFORMS = "iphoneos iphonesimulator";
				SUPPORTS_MACCATALYST = NO;
				SUPPORTS_MAC_DESIGNED_FOR_IPHONE_IPAD = NO;
				SWIFT_EMIT_LOC_STRINGS = YES;
				SWIFT_VERSION = 5.0;
				TARGETED_DEVICE_FAMILY = "1,2";
				VALIDATE_PRODUCT = YES;
			};
			name = Release;
		};
		B254719229F9A9B100E649CF /* Debug */ = {
			isa = XCBuildConfiguration;
			buildSettings = {
				ALWAYS_EMBED_SWIFT_STANDARD_LIBRARIES = YES;
				CODE_SIGN_STYLE = Automatic;
				CURRENT_PROJECT_VERSION = 1;
				DEVELOPMENT_TEAM = 7C23CBT2F7;
				GENERATE_INFOPLIST_FILE = YES;
				IPHONEOS_DEPLOYMENT_TARGET = 13.0;
				MARKETING_VERSION = 1.0;
				PRODUCT_BUNDLE_IDENTIFIER = com.admiralbizon.ThirdPartyAuthUITests;
				PRODUCT_NAME = "$(TARGET_NAME)";
				SDKROOT = iphoneos;
				SUPPORTED_PLATFORMS = "iphoneos iphonesimulator";
				SUPPORTS_MACCATALYST = NO;
				SUPPORTS_MAC_DESIGNED_FOR_IPHONE_IPAD = NO;
				SWIFT_EMIT_LOC_STRINGS = NO;
				SWIFT_VERSION = 5.0;
				TARGETED_DEVICE_FAMILY = "1,2";
			};
			name = Debug;
		};
		B254719329F9A9B100E649CF /* Release */ = {
			isa = XCBuildConfiguration;
			buildSettings = {
				ALWAYS_EMBED_SWIFT_STANDARD_LIBRARIES = YES;
				CODE_SIGN_STYLE = Automatic;
				CURRENT_PROJECT_VERSION = 1;
				DEVELOPMENT_TEAM = 7C23CBT2F7;
				GENERATE_INFOPLIST_FILE = YES;
				IPHONEOS_DEPLOYMENT_TARGET = 13.0;
				MARKETING_VERSION = 1.0;
				PRODUCT_BUNDLE_IDENTIFIER = com.admiralbizon.ThirdPartyAuthUITests;
				PRODUCT_NAME = "$(TARGET_NAME)";
				SDKROOT = iphoneos;
				SUPPORTED_PLATFORMS = "iphoneos iphonesimulator";
				SUPPORTS_MACCATALYST = NO;
				SUPPORTS_MAC_DESIGNED_FOR_IPHONE_IPAD = NO;
				SWIFT_EMIT_LOC_STRINGS = NO;
				SWIFT_VERSION = 5.0;
				TARGETED_DEVICE_FAMILY = "1,2";
				VALIDATE_PRODUCT = YES;
			};
			name = Release;
		};
		B285D5CA29F2CE7E00B86937 /* Debug */ = {
			isa = XCBuildConfiguration;
			buildSettings = {
				ALWAYS_SEARCH_USER_PATHS = NO;
				CLANG_ANALYZER_NONNULL = YES;
				CLANG_ANALYZER_NUMBER_OBJECT_CONVERSION = YES_AGGRESSIVE;
				CLANG_CXX_LANGUAGE_STANDARD = "gnu++20";
				CLANG_ENABLE_MODULES = YES;
				CLANG_ENABLE_OBJC_ARC = YES;
				CLANG_ENABLE_OBJC_WEAK = YES;
				CLANG_WARN_BLOCK_CAPTURE_AUTORELEASING = YES;
				CLANG_WARN_BOOL_CONVERSION = YES;
				CLANG_WARN_COMMA = YES;
				CLANG_WARN_CONSTANT_CONVERSION = YES;
				CLANG_WARN_DEPRECATED_OBJC_IMPLEMENTATIONS = YES;
				CLANG_WARN_DIRECT_OBJC_ISA_USAGE = YES_ERROR;
				CLANG_WARN_DOCUMENTATION_COMMENTS = YES;
				CLANG_WARN_EMPTY_BODY = YES;
				CLANG_WARN_ENUM_CONVERSION = YES;
				CLANG_WARN_INFINITE_RECURSION = YES;
				CLANG_WARN_INT_CONVERSION = YES;
				CLANG_WARN_NON_LITERAL_NULL_CONVERSION = YES;
				CLANG_WARN_OBJC_IMPLICIT_RETAIN_SELF = YES;
				CLANG_WARN_OBJC_LITERAL_CONVERSION = YES;
				CLANG_WARN_OBJC_ROOT_CLASS = YES_ERROR;
				CLANG_WARN_QUOTED_INCLUDE_IN_FRAMEWORK_HEADER = YES;
				CLANG_WARN_RANGE_LOOP_ANALYSIS = YES;
				CLANG_WARN_STRICT_PROTOTYPES = YES;
				CLANG_WARN_SUSPICIOUS_MOVE = YES;
				CLANG_WARN_UNGUARDED_AVAILABILITY = YES_AGGRESSIVE;
				CLANG_WARN_UNREACHABLE_CODE = YES;
				CLANG_WARN__DUPLICATE_METHOD_MATCH = YES;
				COPY_PHASE_STRIP = NO;
				CURRENT_PROJECT_VERSION = 1;
				DEBUG_INFORMATION_FORMAT = dwarf;
				ENABLE_STRICT_OBJC_MSGSEND = YES;
				ENABLE_TESTABILITY = YES;
				GCC_C_LANGUAGE_STANDARD = gnu11;
				GCC_DYNAMIC_NO_PIC = NO;
				GCC_NO_COMMON_BLOCKS = YES;
				GCC_OPTIMIZATION_LEVEL = 0;
				GCC_PREPROCESSOR_DEFINITIONS = (
					"DEBUG=1",
					"$(inherited)",
				);
				GCC_WARN_64_TO_32_BIT_CONVERSION = YES;
				GCC_WARN_ABOUT_RETURN_TYPE = YES_ERROR;
				GCC_WARN_UNDECLARED_SELECTOR = YES;
				GCC_WARN_UNINITIALIZED_AUTOS = YES_AGGRESSIVE;
				GCC_WARN_UNUSED_FUNCTION = YES;
				GCC_WARN_UNUSED_VARIABLE = YES;
				IPHONEOS_DEPLOYMENT_TARGET = 13.0;
				MTL_ENABLE_DEBUG_INFO = INCLUDE_SOURCE;
				MTL_FAST_MATH = YES;
				ONLY_ACTIVE_ARCH = YES;
				SWIFT_ACTIVE_COMPILATION_CONDITIONS = DEBUG;
				SWIFT_OPTIMIZATION_LEVEL = "-Onone";
				VERSIONING_SYSTEM = "apple-generic";
				VERSION_INFO_PREFIX = "";
			};
			name = Debug;
		};
		B285D5CB29F2CE7E00B86937 /* Release */ = {
			isa = XCBuildConfiguration;
			buildSettings = {
				ALWAYS_SEARCH_USER_PATHS = NO;
				CLANG_ANALYZER_NONNULL = YES;
				CLANG_ANALYZER_NUMBER_OBJECT_CONVERSION = YES_AGGRESSIVE;
				CLANG_CXX_LANGUAGE_STANDARD = "gnu++20";
				CLANG_ENABLE_MODULES = YES;
				CLANG_ENABLE_OBJC_ARC = YES;
				CLANG_ENABLE_OBJC_WEAK = YES;
				CLANG_WARN_BLOCK_CAPTURE_AUTORELEASING = YES;
				CLANG_WARN_BOOL_CONVERSION = YES;
				CLANG_WARN_COMMA = YES;
				CLANG_WARN_CONSTANT_CONVERSION = YES;
				CLANG_WARN_DEPRECATED_OBJC_IMPLEMENTATIONS = YES;
				CLANG_WARN_DIRECT_OBJC_ISA_USAGE = YES_ERROR;
				CLANG_WARN_DOCUMENTATION_COMMENTS = YES;
				CLANG_WARN_EMPTY_BODY = YES;
				CLANG_WARN_ENUM_CONVERSION = YES;
				CLANG_WARN_INFINITE_RECURSION = YES;
				CLANG_WARN_INT_CONVERSION = YES;
				CLANG_WARN_NON_LITERAL_NULL_CONVERSION = YES;
				CLANG_WARN_OBJC_IMPLICIT_RETAIN_SELF = YES;
				CLANG_WARN_OBJC_LITERAL_CONVERSION = YES;
				CLANG_WARN_OBJC_ROOT_CLASS = YES_ERROR;
				CLANG_WARN_QUOTED_INCLUDE_IN_FRAMEWORK_HEADER = YES;
				CLANG_WARN_RANGE_LOOP_ANALYSIS = YES;
				CLANG_WARN_STRICT_PROTOTYPES = YES;
				CLANG_WARN_SUSPICIOUS_MOVE = YES;
				CLANG_WARN_UNGUARDED_AVAILABILITY = YES_AGGRESSIVE;
				CLANG_WARN_UNREACHABLE_CODE = YES;
				CLANG_WARN__DUPLICATE_METHOD_MATCH = YES;
				COPY_PHASE_STRIP = NO;
				CURRENT_PROJECT_VERSION = 1;
				DEBUG_INFORMATION_FORMAT = "dwarf-with-dsym";
				ENABLE_NS_ASSERTIONS = NO;
				ENABLE_STRICT_OBJC_MSGSEND = YES;
				GCC_C_LANGUAGE_STANDARD = gnu11;
				GCC_NO_COMMON_BLOCKS = YES;
				GCC_WARN_64_TO_32_BIT_CONVERSION = YES;
				GCC_WARN_ABOUT_RETURN_TYPE = YES_ERROR;
				GCC_WARN_UNDECLARED_SELECTOR = YES;
				GCC_WARN_UNINITIALIZED_AUTOS = YES_AGGRESSIVE;
				GCC_WARN_UNUSED_FUNCTION = YES;
				GCC_WARN_UNUSED_VARIABLE = YES;
				IPHONEOS_DEPLOYMENT_TARGET = 13.0;
				MTL_ENABLE_DEBUG_INFO = NO;
				MTL_FAST_MATH = YES;
				SWIFT_COMPILATION_MODE = wholemodule;
				SWIFT_OPTIMIZATION_LEVEL = "-O";
				VERSIONING_SYSTEM = "apple-generic";
				VERSION_INFO_PREFIX = "";
			};
			name = Release;
		};
		B285D5CD29F2CE7E00B86937 /* Debug */ = {
			isa = XCBuildConfiguration;
			buildSettings = {
				CLANG_ENABLE_MODULES = YES;
				CODE_SIGN_STYLE = Automatic;
				CURRENT_PROJECT_VERSION = 1;
				DEFINES_MODULE = YES;
				DEVELOPMENT_TEAM = 7C23CBT2F7;
				DYLIB_COMPATIBILITY_VERSION = 1;
				DYLIB_CURRENT_VERSION = 1;
				DYLIB_INSTALL_NAME_BASE = "@rpath";
				GENERATE_INFOPLIST_FILE = YES;
				INFOPLIST_KEY_NSHumanReadableCopyright = "";
				INSTALL_PATH = "$(LOCAL_LIBRARY_DIR)/Frameworks";
				IPHONEOS_DEPLOYMENT_TARGET = 13.0;
				LD_RUNPATH_SEARCH_PATHS = (
					"@executable_path/Frameworks",
					"@loader_path/Frameworks",
				);
				"LD_RUNPATH_SEARCH_PATHS[sdk=macosx*]" = (
					"@executable_path/../Frameworks",
					"@loader_path/Frameworks",
				);
				MACOSX_DEPLOYMENT_TARGET = 13.1;
				MARKETING_VERSION = 1.0;
				PRODUCT_BUNDLE_IDENTIFIER = com.admiralbizon.ThirdPartyAuth;
				PRODUCT_NAME = "$(TARGET_NAME:c99extidentifier)";
				SDKROOT = auto;
				SKIP_INSTALL = YES;
				SUPPORTED_PLATFORMS = "iphoneos iphonesimulator";
				SUPPORTS_MACCATALYST = NO;
				SUPPORTS_MAC_DESIGNED_FOR_IPHONE_IPAD = NO;
				SWIFT_EMIT_LOC_STRINGS = YES;
				SWIFT_OPTIMIZATION_LEVEL = "-Onone";
				SWIFT_VERSION = 5.0;
				TARGETED_DEVICE_FAMILY = "1,2";
			};
			name = Debug;
		};
		B285D5CE29F2CE7E00B86937 /* Release */ = {
			isa = XCBuildConfiguration;
			buildSettings = {
				CLANG_ENABLE_MODULES = YES;
				CODE_SIGN_STYLE = Automatic;
				CURRENT_PROJECT_VERSION = 1;
				DEFINES_MODULE = YES;
				DEVELOPMENT_TEAM = 7C23CBT2F7;
				DYLIB_COMPATIBILITY_VERSION = 1;
				DYLIB_CURRENT_VERSION = 1;
				DYLIB_INSTALL_NAME_BASE = "@rpath";
				GENERATE_INFOPLIST_FILE = YES;
				INFOPLIST_KEY_NSHumanReadableCopyright = "";
				INSTALL_PATH = "$(LOCAL_LIBRARY_DIR)/Frameworks";
				IPHONEOS_DEPLOYMENT_TARGET = 13.0;
				LD_RUNPATH_SEARCH_PATHS = (
					"@executable_path/Frameworks",
					"@loader_path/Frameworks",
				);
				"LD_RUNPATH_SEARCH_PATHS[sdk=macosx*]" = (
					"@executable_path/../Frameworks",
					"@loader_path/Frameworks",
				);
				MACOSX_DEPLOYMENT_TARGET = 13.1;
				MARKETING_VERSION = 1.0;
				PRODUCT_BUNDLE_IDENTIFIER = com.admiralbizon.ThirdPartyAuth;
				PRODUCT_NAME = "$(TARGET_NAME:c99extidentifier)";
				SDKROOT = auto;
				SKIP_INSTALL = YES;
				SUPPORTED_PLATFORMS = "iphoneos iphonesimulator";
				SUPPORTS_MACCATALYST = NO;
				SUPPORTS_MAC_DESIGNED_FOR_IPHONE_IPAD = NO;
				SWIFT_EMIT_LOC_STRINGS = YES;
				SWIFT_VERSION = 5.0;
				TARGETED_DEVICE_FAMILY = "1,2";
			};
			name = Release;
		};
		B285D5D029F2CE7E00B86937 /* Debug */ = {
			isa = XCBuildConfiguration;
			buildSettings = {
				ALWAYS_EMBED_SWIFT_STANDARD_LIBRARIES = YES;
				CODE_SIGN_STYLE = Automatic;
				CURRENT_PROJECT_VERSION = 1;
				DEVELOPMENT_TEAM = 7C23CBT2F7;
				GENERATE_INFOPLIST_FILE = YES;
				IPHONEOS_DEPLOYMENT_TARGET = 13.0;
				MACOSX_DEPLOYMENT_TARGET = 13.1;
				MARKETING_VERSION = 1.0;
				PRODUCT_BUNDLE_IDENTIFIER = com.admiralbizon.ThirdPartyAuthTests;
				PRODUCT_NAME = "$(TARGET_NAME)";
				SDKROOT = auto;
				SUPPORTED_PLATFORMS = "iphoneos iphonesimulator";
				SUPPORTS_MACCATALYST = NO;
				SUPPORTS_MAC_DESIGNED_FOR_IPHONE_IPAD = NO;
				SWIFT_EMIT_LOC_STRINGS = NO;
				SWIFT_VERSION = 5.0;
				TARGETED_DEVICE_FAMILY = "1,2";
			};
			name = Debug;
		};
		B285D5D129F2CE7E00B86937 /* Release */ = {
			isa = XCBuildConfiguration;
			buildSettings = {
				ALWAYS_EMBED_SWIFT_STANDARD_LIBRARIES = YES;
				CODE_SIGN_STYLE = Automatic;
				CURRENT_PROJECT_VERSION = 1;
				DEVELOPMENT_TEAM = 7C23CBT2F7;
				GENERATE_INFOPLIST_FILE = YES;
				IPHONEOS_DEPLOYMENT_TARGET = 13.0;
				MACOSX_DEPLOYMENT_TARGET = 13.1;
				MARKETING_VERSION = 1.0;
				PRODUCT_BUNDLE_IDENTIFIER = com.admiralbizon.ThirdPartyAuthTests;
				PRODUCT_NAME = "$(TARGET_NAME)";
				SDKROOT = auto;
				SUPPORTED_PLATFORMS = "iphoneos iphonesimulator";
				SUPPORTS_MACCATALYST = NO;
				SUPPORTS_MAC_DESIGNED_FOR_IPHONE_IPAD = NO;
				SWIFT_EMIT_LOC_STRINGS = NO;
				SWIFT_VERSION = 5.0;
				TARGETED_DEVICE_FAMILY = "1,2";
			};
			name = Release;
		};
/* End XCBuildConfiguration section */

/* Begin XCConfigurationList section */
		B254718E29F9A9B100E649CF /* Build configuration list for PBXNativeTarget "ThirdPartyAuthUI" */ = {
			isa = XCConfigurationList;
			buildConfigurations = (
				B254718F29F9A9B100E649CF /* Debug */,
				B254719029F9A9B100E649CF /* Release */,
			);
			defaultConfigurationIsVisible = 0;
			defaultConfigurationName = Release;
		};
		B254719129F9A9B100E649CF /* Build configuration list for PBXNativeTarget "ThirdPartyAuthUITests" */ = {
			isa = XCConfigurationList;
			buildConfigurations = (
				B254719229F9A9B100E649CF /* Debug */,
				B254719329F9A9B100E649CF /* Release */,
			);
			defaultConfigurationIsVisible = 0;
			defaultConfigurationName = Release;
		};
		B285D5B429F2CE7D00B86937 /* Build configuration list for PBXProject "ThirdPartyAuth" */ = {
			isa = XCConfigurationList;
			buildConfigurations = (
				B285D5CA29F2CE7E00B86937 /* Debug */,
				B285D5CB29F2CE7E00B86937 /* Release */,
			);
			defaultConfigurationIsVisible = 0;
			defaultConfigurationName = Release;
		};
		B285D5CC29F2CE7E00B86937 /* Build configuration list for PBXNativeTarget "ThirdPartyAuth" */ = {
			isa = XCConfigurationList;
			buildConfigurations = (
				B285D5CD29F2CE7E00B86937 /* Debug */,
				B285D5CE29F2CE7E00B86937 /* Release */,
			);
			defaultConfigurationIsVisible = 0;
			defaultConfigurationName = Release;
		};
		B285D5CF29F2CE7E00B86937 /* Build configuration list for PBXNativeTarget "ThirdPartyAuthTests" */ = {
			isa = XCConfigurationList;
			buildConfigurations = (
				B285D5D029F2CE7E00B86937 /* Debug */,
				B285D5D129F2CE7E00B86937 /* Release */,
			);
			defaultConfigurationIsVisible = 0;
			defaultConfigurationName = Release;
		};
/* End XCConfigurationList section */

/* Begin XCRemoteSwiftPackageReference section */
		B2C83D6629FD900900301FE9 /* XCRemoteSwiftPackageReference "GoogleSignIn-iOS" */ = {
			isa = XCRemoteSwiftPackageReference;
			repositoryURL = "https://github.com/google/GoogleSignIn-iOS";
			requirement = {
				kind = exactVersion;
				version = 7.0.0;
			};
		};
		B2DB4EA82A0E1B8500246CE8 /* XCRemoteSwiftPackageReference "VKSDK-iOS" */ = {
			isa = XCRemoteSwiftPackageReference;
			repositoryURL = "https://github.com/VKCOM/VKSDK-iOS";
			requirement = {
				kind = exactVersion;
				version = 0.101.0;
			};
		};
/* End XCRemoteSwiftPackageReference section */

/* Begin XCSwiftPackageProductDependency section */
		B2C83D6729FD900900301FE9 /* GoogleSignIn */ = {
			isa = XCSwiftPackageProductDependency;
			package = B2C83D6629FD900900301FE9 /* XCRemoteSwiftPackageReference "GoogleSignIn-iOS" */;
			productName = GoogleSignIn;
		};
		B2DB4EA92A0E1B8500246CE8 /* VK */ = {
			isa = XCSwiftPackageProductDependency;
			package = B2DB4EA82A0E1B8500246CE8 /* XCRemoteSwiftPackageReference "VKSDK-iOS" */;
			productName = VK;
		};
/* End XCSwiftPackageProductDependency section */
	};
	rootObject = B285D5B129F2CE7D00B86937 /* Project object */;
}
